// !$*UTF8*$!
{
	archiveVersion = 1;
	classes = {
	};
	objectVersion = 51;
	objects = {

/* Begin PBXBuildFile section */
		7A85EB435BD7CB14D904A9A0 /* Pods_v_labs_test.framework in Frameworks */ = {isa = PBXBuildFile; fileRef = 91999EF00A281A5EDEF6C269 /* Pods_v_labs_test.framework */; };
		8043D3A3231D280F0012C3F3 /* AppDependencies.swift in Sources */ = {isa = PBXBuildFile; fileRef = 8043D3A2231D280F0012C3F3 /* AppDependencies.swift */; };
		8043D3A8231D2DD10012C3F3 /* Albumdetail.storyboard in Resources */ = {isa = PBXBuildFile; fileRef = 8043D3A7231D2DD10012C3F3 /* Albumdetail.storyboard */; };
		A223BE9E231D9893008AE74F /* AlbumdetailViewController.swift in Sources */ = {isa = PBXBuildFile; fileRef = A223BE9D231D9893008AE74F /* AlbumdetailViewController.swift */; };
		A223BEA0231D99B0008AE74F /* AlbumdetailViewModel.swift in Sources */ = {isa = PBXBuildFile; fileRef = A223BE9F231D99B0008AE74F /* AlbumdetailViewModel.swift */; };
		A223BEA2231D9ADE008AE74F /* PhotoAlbum.swift in Sources */ = {isa = PBXBuildFile; fileRef = A223BEA1231D9ADE008AE74F /* PhotoAlbum.swift */; };
		A2979A07231BF8EE003BC1B8 /* AppDelegate.swift in Sources */ = {isa = PBXBuildFile; fileRef = A2979A06231BF8EE003BC1B8 /* AppDelegate.swift */; };
		A2979A0E231BF8EF003BC1B8 /* Assets.xcassets in Resources */ = {isa = PBXBuildFile; fileRef = A2979A0D231BF8EF003BC1B8 /* Assets.xcassets */; };
		A2979A11231BF8EF003BC1B8 /* LaunchScreen.storyboard in Resources */ = {isa = PBXBuildFile; fileRef = A2979A0F231BF8EF003BC1B8 /* LaunchScreen.storyboard */; };
		A2979A1C231BF8EF003BC1B8 /* v_labs_testTests.swift in Sources */ = {isa = PBXBuildFile; fileRef = A2979A1B231BF8EF003BC1B8 /* v_labs_testTests.swift */; };
		A2979A28231BFFAC003BC1B8 /* R.generated.swift in Sources */ = {isa = PBXBuildFile; fileRef = A2979A27231BFFAC003BC1B8 /* R.generated.swift */; };
		A2979A2F231C0098003BC1B8 /* ApiManager.swift in Sources */ = {isa = PBXBuildFile; fileRef = A2979A2E231C0098003BC1B8 /* ApiManager.swift */; };
		A2979A31231C00B4003BC1B8 /* ApiManagerImpl.swift in Sources */ = {isa = PBXBuildFile; fileRef = A2979A30231C00B4003BC1B8 /* ApiManagerImpl.swift */; };
		A2979A34231C01F1003BC1B8 /* ApiService.swift in Sources */ = {isa = PBXBuildFile; fileRef = A2979A33231C01F1003BC1B8 /* ApiService.swift */; };
		A2979A37231C05D3003BC1B8 /* User.swift in Sources */ = {isa = PBXBuildFile; fileRef = A2979A36231C05D3003BC1B8 /* User.swift */; };
		A2979A39231C06EF003BC1B8 /* Adress.swift in Sources */ = {isa = PBXBuildFile; fileRef = A2979A38231C06EF003BC1B8 /* Adress.swift */; };
		A2979A3B231C073C003BC1B8 /* Geo.swift in Sources */ = {isa = PBXBuildFile; fileRef = A2979A3A231C073C003BC1B8 /* Geo.swift */; };
		A2979A3D231C07A7003BC1B8 /* Company.swift in Sources */ = {isa = PBXBuildFile; fileRef = A2979A3C231C07A7003BC1B8 /* Company.swift */; };
		A2979A3F231C573D003BC1B8 /* Album.swift in Sources */ = {isa = PBXBuildFile; fileRef = A2979A3E231C573D003BC1B8 /* Album.swift */; };
		A2979A41231C5AFC003BC1B8 /* Post.swift in Sources */ = {isa = PBXBuildFile; fileRef = A2979A40231C5AFC003BC1B8 /* Post.swift */; };
		A2979A43231C5C60003BC1B8 /* ContentRepository.swift in Sources */ = {isa = PBXBuildFile; fileRef = A2979A42231C5C60003BC1B8 /* ContentRepository.swift */; };
		A2979A47231C5DB2003BC1B8 /* Userlist.storyboard in Resources */ = {isa = PBXBuildFile; fileRef = A2979A46231C5DB2003BC1B8 /* Userlist.storyboard */; };
		A2979A4C231C5E04003BC1B8 /* Userdetail.storyboard in Resources */ = {isa = PBXBuildFile; fileRef = A2979A4B231C5E04003BC1B8 /* Userdetail.storyboard */; };
		A2979A51231C5E65003BC1B8 /* Createpost.storyboard in Resources */ = {isa = PBXBuildFile; fileRef = A2979A50231C5E65003BC1B8 /* Createpost.storyboard */; };
		A2979A53231C5E76003BC1B8 /* CreatepostViewController.swift in Sources */ = {isa = PBXBuildFile; fileRef = A2979A52231C5E76003BC1B8 /* CreatepostViewController.swift */; };
		A2979A57231C5F8F003BC1B8 /* RootWireframe.swift in Sources */ = {isa = PBXBuildFile; fileRef = A2979A56231C5F8F003BC1B8 /* RootWireframe.swift */; };
		A2979A5A231C5FF8003BC1B8 /* ControllerFactory.swift in Sources */ = {isa = PBXBuildFile; fileRef = A2979A59231C5FF8003BC1B8 /* ControllerFactory.swift */; };
		A2979A5C231C60F1003BC1B8 /* ControllerFactoryImpl.swift in Sources */ = {isa = PBXBuildFile; fileRef = A2979A5B231C60F1003BC1B8 /* ControllerFactoryImpl.swift */; };
		A2979A5F231C61E3003BC1B8 /* Router.swift in Sources */ = {isa = PBXBuildFile; fileRef = A2979A5E231C61E3003BC1B8 /* Router.swift */; };
		A2979A61231C6273003BC1B8 /* RouterImpl.swift in Sources */ = {isa = PBXBuildFile; fileRef = A2979A60231C6273003BC1B8 /* RouterImpl.swift */; };
		A2979A63231C65F7003BC1B8 /* UserlistViewModel.swift in Sources */ = {isa = PBXBuildFile; fileRef = A2979A62231C65F7003BC1B8 /* UserlistViewModel.swift */; };
		A2979A65231C684E003BC1B8 /* UserlistViewController.swift in Sources */ = {isa = PBXBuildFile; fileRef = A2979A64231C684E003BC1B8 /* UserlistViewController.swift */; };
		A2979A67231C6BE5003BC1B8 /* UserdetailViewModel.swift in Sources */ = {isa = PBXBuildFile; fileRef = A2979A66231C6BE5003BC1B8 /* UserdetailViewModel.swift */; };
		A2979A69231D89F1003BC1B8 /* UserdetailViewController.swift in Sources */ = {isa = PBXBuildFile; fileRef = A2979A68231D89F1003BC1B8 /* UserdetailViewController.swift */; };
		A2979A6C231D8CB4003BC1B8 /* UserinfoTableViewCell.swift in Sources */ = {isa = PBXBuildFile; fileRef = A2979A6B231D8CB4003BC1B8 /* UserinfoTableViewCell.swift */; };
		A2B93DE7231DB44F00D8071C /* PhotoCollectionViewCell.swift in Sources */ = {isa = PBXBuildFile; fileRef = A2B93DE5231DB44F00D8071C /* PhotoCollectionViewCell.swift */; };
		A2B93DE8231DB44F00D8071C /* PhotoCollectionViewCell.xib in Resources */ = {isa = PBXBuildFile; fileRef = A2B93DE6231DB44F00D8071C /* PhotoCollectionViewCell.xib */; };
		A2B93DEB231DBE4400D8071C /* ApiServiceValues.swift in Sources */ = {isa = PBXBuildFile; fileRef = A2B93DEA231DBE4400D8071C /* ApiServiceValues.swift */; };
		B7008D274B345274D53214A9 /* Pods_v_labs_testTests.framework in Frameworks */ = {isa = PBXBuildFile; fileRef = CD7BB14E20C9559EFC6A0D0E /* Pods_v_labs_testTests.framework */; };
/* End PBXBuildFile section */

/* Begin PBXContainerItemProxy section */
		A2979A18231BF8EF003BC1B8 /* PBXContainerItemProxy */ = {
			isa = PBXContainerItemProxy;
			containerPortal = A29799FB231BF8EE003BC1B8 /* Project object */;
			proxyType = 1;
			remoteGlobalIDString = A2979A02231BF8EE003BC1B8;
			remoteInfo = "v-labs-test";
		};
/* End PBXContainerItemProxy section */

/* Begin PBXFileReference section */
		07C5C9C4BDAB40E26DB0DAA5 /* Pods-v-labs-testTests.debug.xcconfig */ = {isa = PBXFileReference; includeInIndex = 1; lastKnownFileType = text.xcconfig; name = "Pods-v-labs-testTests.debug.xcconfig"; path = "Target Support Files/Pods-v-labs-testTests/Pods-v-labs-testTests.debug.xcconfig"; sourceTree = "<group>"; };
		6C5959E1A106F5AE02AAAF97 /* Pods-v-labs-testTests.release.xcconfig */ = {isa = PBXFileReference; includeInIndex = 1; lastKnownFileType = text.xcconfig; name = "Pods-v-labs-testTests.release.xcconfig"; path = "Target Support Files/Pods-v-labs-testTests/Pods-v-labs-testTests.release.xcconfig"; sourceTree = "<group>"; };
		8043D3A2231D280F0012C3F3 /* AppDependencies.swift */ = {isa = PBXFileReference; fileEncoding = 4; lastKnownFileType = sourcecode.swift; path = AppDependencies.swift; sourceTree = "<group>"; };
		8043D3A7231D2DD10012C3F3 /* Albumdetail.storyboard */ = {isa = PBXFileReference; lastKnownFileType = file.storyboard; path = Albumdetail.storyboard; sourceTree = "<group>"; };
		91999EF00A281A5EDEF6C269 /* Pods_v_labs_test.framework */ = {isa = PBXFileReference; explicitFileType = wrapper.framework; includeInIndex = 0; path = Pods_v_labs_test.framework; sourceTree = BUILT_PRODUCTS_DIR; };
		9A1BACFFF47FF8EFEFE7A2D1 /* Pods-v-labs-test.debug.xcconfig */ = {isa = PBXFileReference; includeInIndex = 1; lastKnownFileType = text.xcconfig; name = "Pods-v-labs-test.debug.xcconfig"; path = "Target Support Files/Pods-v-labs-test/Pods-v-labs-test.debug.xcconfig"; sourceTree = "<group>"; };
		A223BE9D231D9893008AE74F /* AlbumdetailViewController.swift */ = {isa = PBXFileReference; lastKnownFileType = sourcecode.swift; path = AlbumdetailViewController.swift; sourceTree = "<group>"; };
		A223BE9F231D99B0008AE74F /* AlbumdetailViewModel.swift */ = {isa = PBXFileReference; lastKnownFileType = sourcecode.swift; path = AlbumdetailViewModel.swift; sourceTree = "<group>"; };
		A223BEA1231D9ADE008AE74F /* PhotoAlbum.swift */ = {isa = PBXFileReference; lastKnownFileType = sourcecode.swift; path = PhotoAlbum.swift; sourceTree = "<group>"; };
		A2979A03231BF8EE003BC1B8 /* v-labs-test.app */ = {isa = PBXFileReference; explicitFileType = wrapper.application; includeInIndex = 0; path = "v-labs-test.app"; sourceTree = BUILT_PRODUCTS_DIR; };
		A2979A06231BF8EE003BC1B8 /* AppDelegate.swift */ = {isa = PBXFileReference; lastKnownFileType = sourcecode.swift; path = AppDelegate.swift; sourceTree = "<group>"; };
		A2979A0D231BF8EF003BC1B8 /* Assets.xcassets */ = {isa = PBXFileReference; lastKnownFileType = folder.assetcatalog; path = Assets.xcassets; sourceTree = "<group>"; };
		A2979A10231BF8EF003BC1B8 /* Base */ = {isa = PBXFileReference; lastKnownFileType = file.storyboard; name = Base; path = Base.lproj/LaunchScreen.storyboard; sourceTree = "<group>"; };
		A2979A12231BF8EF003BC1B8 /* Info.plist */ = {isa = PBXFileReference; lastKnownFileType = text.plist.xml; path = Info.plist; sourceTree = "<group>"; };
		A2979A17231BF8EF003BC1B8 /* v-labs-testTests.xctest */ = {isa = PBXFileReference; explicitFileType = wrapper.cfbundle; includeInIndex = 0; path = "v-labs-testTests.xctest"; sourceTree = BUILT_PRODUCTS_DIR; };
		A2979A1B231BF8EF003BC1B8 /* v_labs_testTests.swift */ = {isa = PBXFileReference; lastKnownFileType = sourcecode.swift; path = v_labs_testTests.swift; sourceTree = "<group>"; };
		A2979A1D231BF8EF003BC1B8 /* Info.plist */ = {isa = PBXFileReference; lastKnownFileType = text.plist.xml; path = Info.plist; sourceTree = "<group>"; };
		A2979A27231BFFAC003BC1B8 /* R.generated.swift */ = {isa = PBXFileReference; fileEncoding = 4; lastKnownFileType = sourcecode.swift; path = R.generated.swift; sourceTree = "<group>"; };
		A2979A2E231C0098003BC1B8 /* ApiManager.swift */ = {isa = PBXFileReference; lastKnownFileType = sourcecode.swift; path = ApiManager.swift; sourceTree = "<group>"; };
		A2979A30231C00B4003BC1B8 /* ApiManagerImpl.swift */ = {isa = PBXFileReference; lastKnownFileType = sourcecode.swift; path = ApiManagerImpl.swift; sourceTree = "<group>"; };
		A2979A33231C01F1003BC1B8 /* ApiService.swift */ = {isa = PBXFileReference; lastKnownFileType = sourcecode.swift; path = ApiService.swift; sourceTree = "<group>"; };
		A2979A36231C05D3003BC1B8 /* User.swift */ = {isa = PBXFileReference; lastKnownFileType = sourcecode.swift; path = User.swift; sourceTree = "<group>"; };
		A2979A38231C06EF003BC1B8 /* Adress.swift */ = {isa = PBXFileReference; lastKnownFileType = sourcecode.swift; path = Adress.swift; sourceTree = "<group>"; };
		A2979A3A231C073C003BC1B8 /* Geo.swift */ = {isa = PBXFileReference; lastKnownFileType = sourcecode.swift; path = Geo.swift; sourceTree = "<group>"; };
		A2979A3C231C07A7003BC1B8 /* Company.swift */ = {isa = PBXFileReference; lastKnownFileType = sourcecode.swift; path = Company.swift; sourceTree = "<group>"; };
		A2979A3E231C573D003BC1B8 /* Album.swift */ = {isa = PBXFileReference; lastKnownFileType = sourcecode.swift; path = Album.swift; sourceTree = "<group>"; };
		A2979A40231C5AFC003BC1B8 /* Post.swift */ = {isa = PBXFileReference; lastKnownFileType = sourcecode.swift; path = Post.swift; sourceTree = "<group>"; };
		A2979A42231C5C60003BC1B8 /* ContentRepository.swift */ = {isa = PBXFileReference; lastKnownFileType = sourcecode.swift; path = ContentRepository.swift; sourceTree = "<group>"; };
		A2979A46231C5DB2003BC1B8 /* Userlist.storyboard */ = {isa = PBXFileReference; lastKnownFileType = file.storyboard; path = Userlist.storyboard; sourceTree = "<group>"; };
		A2979A4B231C5E04003BC1B8 /* Userdetail.storyboard */ = {isa = PBXFileReference; lastKnownFileType = file.storyboard; path = Userdetail.storyboard; sourceTree = "<group>"; };
		A2979A50231C5E65003BC1B8 /* Createpost.storyboard */ = {isa = PBXFileReference; lastKnownFileType = file.storyboard; path = Createpost.storyboard; sourceTree = "<group>"; };
		A2979A52231C5E76003BC1B8 /* CreatepostViewController.swift */ = {isa = PBXFileReference; lastKnownFileType = sourcecode.swift; path = CreatepostViewController.swift; sourceTree = "<group>"; };
		A2979A56231C5F8F003BC1B8 /* RootWireframe.swift */ = {isa = PBXFileReference; lastKnownFileType = sourcecode.swift; path = RootWireframe.swift; sourceTree = "<group>"; };
		A2979A59231C5FF8003BC1B8 /* ControllerFactory.swift */ = {isa = PBXFileReference; lastKnownFileType = sourcecode.swift; path = ControllerFactory.swift; sourceTree = "<group>"; };
		A2979A5B231C60F1003BC1B8 /* ControllerFactoryImpl.swift */ = {isa = PBXFileReference; lastKnownFileType = sourcecode.swift; path = ControllerFactoryImpl.swift; sourceTree = "<group>"; };
		A2979A5E231C61E3003BC1B8 /* Router.swift */ = {isa = PBXFileReference; lastKnownFileType = sourcecode.swift; path = Router.swift; sourceTree = "<group>"; };
		A2979A60231C6273003BC1B8 /* RouterImpl.swift */ = {isa = PBXFileReference; lastKnownFileType = sourcecode.swift; path = RouterImpl.swift; sourceTree = "<group>"; };
		A2979A62231C65F7003BC1B8 /* UserlistViewModel.swift */ = {isa = PBXFileReference; lastKnownFileType = sourcecode.swift; path = UserlistViewModel.swift; sourceTree = "<group>"; };
		A2979A64231C684E003BC1B8 /* UserlistViewController.swift */ = {isa = PBXFileReference; lastKnownFileType = sourcecode.swift; path = UserlistViewController.swift; sourceTree = "<group>"; };
		A2979A66231C6BE5003BC1B8 /* UserdetailViewModel.swift */ = {isa = PBXFileReference; lastKnownFileType = sourcecode.swift; path = UserdetailViewModel.swift; sourceTree = "<group>"; };
		A2979A68231D89F1003BC1B8 /* UserdetailViewController.swift */ = {isa = PBXFileReference; lastKnownFileType = sourcecode.swift; path = UserdetailViewController.swift; sourceTree = "<group>"; };
		A2979A6B231D8CB4003BC1B8 /* UserinfoTableViewCell.swift */ = {isa = PBXFileReference; lastKnownFileType = sourcecode.swift; path = UserinfoTableViewCell.swift; sourceTree = "<group>"; };
		A2B93DE5231DB44F00D8071C /* PhotoCollectionViewCell.swift */ = {isa = PBXFileReference; lastKnownFileType = sourcecode.swift; path = PhotoCollectionViewCell.swift; sourceTree = "<group>"; };
		A2B93DE6231DB44F00D8071C /* PhotoCollectionViewCell.xib */ = {isa = PBXFileReference; lastKnownFileType = file.xib; path = PhotoCollectionViewCell.xib; sourceTree = "<group>"; };
		A2B93DEA231DBE4400D8071C /* ApiServiceValues.swift */ = {isa = PBXFileReference; lastKnownFileType = sourcecode.swift; path = ApiServiceValues.swift; sourceTree = "<group>"; };
		CC41BE3F869E10E267B4EAB0 /* Pods-v-labs-test.release.xcconfig */ = {isa = PBXFileReference; includeInIndex = 1; lastKnownFileType = text.xcconfig; name = "Pods-v-labs-test.release.xcconfig"; path = "Target Support Files/Pods-v-labs-test/Pods-v-labs-test.release.xcconfig"; sourceTree = "<group>"; };
		CD7BB14E20C9559EFC6A0D0E /* Pods_v_labs_testTests.framework */ = {isa = PBXFileReference; explicitFileType = wrapper.framework; includeInIndex = 0; path = Pods_v_labs_testTests.framework; sourceTree = BUILT_PRODUCTS_DIR; };
/* End PBXFileReference section */

/* Begin PBXFrameworksBuildPhase section */
		A2979A00231BF8EE003BC1B8 /* Frameworks */ = {
			isa = PBXFrameworksBuildPhase;
			buildActionMask = 2147483647;
			files = (
				7A85EB435BD7CB14D904A9A0 /* Pods_v_labs_test.framework in Frameworks */,
			);
			runOnlyForDeploymentPostprocessing = 0;
		};
		A2979A14231BF8EF003BC1B8 /* Frameworks */ = {
			isa = PBXFrameworksBuildPhase;
			buildActionMask = 2147483647;
			files = (
				B7008D274B345274D53214A9 /* Pods_v_labs_testTests.framework in Frameworks */,
			);
			runOnlyForDeploymentPostprocessing = 0;
		};
/* End PBXFrameworksBuildPhase section */

/* Begin PBXGroup section */
		2254A79F85A4321C6094F289 /* Frameworks */ = {
			isa = PBXGroup;
			children = (
				91999EF00A281A5EDEF6C269 /* Pods_v_labs_test.framework */,
				CD7BB14E20C9559EFC6A0D0E /* Pods_v_labs_testTests.framework */,
			);
			name = Frameworks;
			sourceTree = "<group>";
		};
		31149632EDF3430A12DCA157 /* Pods */ = {
			isa = PBXGroup;
			children = (
				9A1BACFFF47FF8EFEFE7A2D1 /* Pods-v-labs-test.debug.xcconfig */,
				CC41BE3F869E10E267B4EAB0 /* Pods-v-labs-test.release.xcconfig */,
				07C5C9C4BDAB40E26DB0DAA5 /* Pods-v-labs-testTests.debug.xcconfig */,
				6C5959E1A106F5AE02AAAF97 /* Pods-v-labs-testTests.release.xcconfig */,
			);
			path = Pods;
			sourceTree = "<group>";
		};
		8043D3A1231D27A00012C3F3 /* di */ = {
			isa = PBXGroup;
			children = (
				8043D3A2231D280F0012C3F3 /* AppDependencies.swift */,
			);
			path = di;
			sourceTree = "<group>";
		};
		8043D3A4231D2D580012C3F3 /* albumdetail */ = {
			isa = PBXGroup;
			children = (
				A223BEA3231DAD41008AE74F /* cells */,
				8043D3A7231D2DD10012C3F3 /* Albumdetail.storyboard */,
				A223BE9D231D9893008AE74F /* AlbumdetailViewController.swift */,
				A223BE9F231D99B0008AE74F /* AlbumdetailViewModel.swift */,
			);
			path = albumdetail;
			sourceTree = "<group>";
		};
		A223BEA3231DAD41008AE74F /* cells */ = {
			isa = PBXGroup;
			children = (
				A2B93DE5231DB44F00D8071C /* PhotoCollectionViewCell.swift */,
				A2B93DE6231DB44F00D8071C /* PhotoCollectionViewCell.xib */,
			);
			path = cells;
			sourceTree = "<group>";
		};
		A29799FA231BF8EE003BC1B8 = {
			isa = PBXGroup;
			children = (
				A2979A27231BFFAC003BC1B8 /* R.generated.swift */,
				A2979A05231BF8EE003BC1B8 /* v-labs-test */,
				A2979A1A231BF8EF003BC1B8 /* v-labs-testTests */,
				A2979A04231BF8EE003BC1B8 /* Products */,
				31149632EDF3430A12DCA157 /* Pods */,
				2254A79F85A4321C6094F289 /* Frameworks */,
			);
			sourceTree = "<group>";
		};
		A2979A04231BF8EE003BC1B8 /* Products */ = {
			isa = PBXGroup;
			children = (
				A2979A03231BF8EE003BC1B8 /* v-labs-test.app */,
				A2979A17231BF8EF003BC1B8 /* v-labs-testTests.xctest */,
			);
			name = Products;
			sourceTree = "<group>";
		};
		A2979A05231BF8EE003BC1B8 /* v-labs-test */ = {
			isa = PBXGroup;
			children = (
				8043D3A1231D27A00012C3F3 /* di */,
				A2979A2A231C0063003BC1B8 /* presentation */,
				A2979A29231C005C003BC1B8 /* data */,
				A2979A06231BF8EE003BC1B8 /* AppDelegate.swift */,
				A2979A0D231BF8EF003BC1B8 /* Assets.xcassets */,
				A2979A0F231BF8EF003BC1B8 /* LaunchScreen.storyboard */,
				A2979A12231BF8EF003BC1B8 /* Info.plist */,
			);
			path = "v-labs-test";
			sourceTree = "<group>";
		};
		A2979A1A231BF8EF003BC1B8 /* v-labs-testTests */ = {
			isa = PBXGroup;
			children = (
				A2979A1B231BF8EF003BC1B8 /* v_labs_testTests.swift */,
				A2979A1D231BF8EF003BC1B8 /* Info.plist */,
			);
			path = "v-labs-testTests";
			sourceTree = "<group>";
		};
		A2979A29231C005C003BC1B8 /* data */ = {
			isa = PBXGroup;
			children = (
				A2B93DE9231DBE2400D8071C /* values */,
				A2979A35231C05B5003BC1B8 /* model */,
				A2979A2C231C0072003BC1B8 /* manager */,
				A2979A2B231C0069003BC1B8 /* repository */,
			);
			path = data;
			sourceTree = "<group>";
		};
		A2979A2A231C0063003BC1B8 /* presentation */ = {
			isa = PBXGroup;
			children = (
				A2979A54231C5F6F003BC1B8 /* navigation */,
				A2979A44231C5D74003BC1B8 /* ui */,
			);
			path = presentation;
			sourceTree = "<group>";
		};
		A2979A2B231C0069003BC1B8 /* repository */ = {
			isa = PBXGroup;
			children = (
				A2979A42231C5C60003BC1B8 /* ContentRepository.swift */,
			);
			path = repository;
			sourceTree = "<group>";
		};
		A2979A2C231C0072003BC1B8 /* manager */ = {
			isa = PBXGroup;
			children = (
				A2979A2D231C0079003BC1B8 /* api */,
			);
			path = manager;
			sourceTree = "<group>";
		};
		A2979A2D231C0079003BC1B8 /* api */ = {
			isa = PBXGroup;
			children = (
				A2979A32231C00BA003BC1B8 /* service */,
				A2979A2E231C0098003BC1B8 /* ApiManager.swift */,
				A2979A30231C00B4003BC1B8 /* ApiManagerImpl.swift */,
			);
			path = api;
			sourceTree = "<group>";
		};
		A2979A32231C00BA003BC1B8 /* service */ = {
			isa = PBXGroup;
			children = (
				A2979A33231C01F1003BC1B8 /* ApiService.swift */,
			);
			path = service;
			sourceTree = "<group>";
		};
		A2979A35231C05B5003BC1B8 /* model */ = {
			isa = PBXGroup;
			children = (
				A2979A36231C05D3003BC1B8 /* User.swift */,
				A2979A38231C06EF003BC1B8 /* Adress.swift */,
				A2979A3A231C073C003BC1B8 /* Geo.swift */,
				A2979A3C231C07A7003BC1B8 /* Company.swift */,
				A2979A3E231C573D003BC1B8 /* Album.swift */,
				A2979A40231C5AFC003BC1B8 /* Post.swift */,
				A223BEA1231D9ADE008AE74F /* PhotoAlbum.swift */,
			);
			path = model;
			sourceTree = "<group>";
		};
		A2979A44231C5D74003BC1B8 /* ui */ = {
			isa = PBXGroup;
			children = (
				8043D3A4231D2D580012C3F3 /* albumdetail */,
				A2979A4F231C5E50003BC1B8 /* createpost */,
				A2979A4A231C5DEC003BC1B8 /* userdetail */,
				A2979A45231C5D7C003BC1B8 /* userlist */,
			);
			path = ui;
			sourceTree = "<group>";
		};
		A2979A45231C5D7C003BC1B8 /* userlist */ = {
			isa = PBXGroup;
			children = (
				A2979A46231C5DB2003BC1B8 /* Userlist.storyboard */,
				A2979A62231C65F7003BC1B8 /* UserlistViewModel.swift */,
				A2979A64231C684E003BC1B8 /* UserlistViewController.swift */,
			);
			path = userlist;
			sourceTree = "<group>";
		};
		A2979A4A231C5DEC003BC1B8 /* userdetail */ = {
			isa = PBXGroup;
			children = (
				A2979A6A231D8C90003BC1B8 /* cells */,
				A2979A4B231C5E04003BC1B8 /* Userdetail.storyboard */,
				A2979A66231C6BE5003BC1B8 /* UserdetailViewModel.swift */,
				A2979A68231D89F1003BC1B8 /* UserdetailViewController.swift */,
			);
			path = userdetail;
			sourceTree = "<group>";
		};
		A2979A4F231C5E50003BC1B8 /* createpost */ = {
			isa = PBXGroup;
			children = (
				A2979A50231C5E65003BC1B8 /* Createpost.storyboard */,
				A2979A52231C5E76003BC1B8 /* CreatepostViewController.swift */,
			);
			path = createpost;
			sourceTree = "<group>";
		};
		A2979A54231C5F6F003BC1B8 /* navigation */ = {
			isa = PBXGroup;
			children = (
				A2979A5D231C61DA003BC1B8 /* router */,
				A2979A58231C5FE5003BC1B8 /* controllerfactory */,
				A2979A55231C5F77003BC1B8 /* wireframe */,
			);
			path = navigation;
			sourceTree = "<group>";
		};
		A2979A55231C5F77003BC1B8 /* wireframe */ = {
			isa = PBXGroup;
			children = (
				A2979A56231C5F8F003BC1B8 /* RootWireframe.swift */,
			);
			path = wireframe;
			sourceTree = "<group>";
		};
		A2979A58231C5FE5003BC1B8 /* controllerfactory */ = {
			isa = PBXGroup;
			children = (
				A2979A59231C5FF8003BC1B8 /* ControllerFactory.swift */,
				A2979A5B231C60F1003BC1B8 /* ControllerFactoryImpl.swift */,
			);
			path = controllerfactory;
			sourceTree = "<group>";
		};
		A2979A5D231C61DA003BC1B8 /* router */ = {
			isa = PBXGroup;
			children = (
				A2979A5E231C61E3003BC1B8 /* Router.swift */,
				A2979A60231C6273003BC1B8 /* RouterImpl.swift */,
			);
			path = router;
			sourceTree = "<group>";
		};
		A2979A6A231D8C90003BC1B8 /* cells */ = {
			isa = PBXGroup;
			children = (
				A2979A6B231D8CB4003BC1B8 /* UserinfoTableViewCell.swift */,
			);
			path = cells;
			sourceTree = "<group>";
		};
		A2B93DE9231DBE2400D8071C /* values */ = {
			isa = PBXGroup;
			children = (
				A2B93DEA231DBE4400D8071C /* ApiServiceValues.swift */,
			);
			path = values;
			sourceTree = "<group>";
		};
/* End PBXGroup section */

/* Begin PBXNativeTarget section */
		A2979A02231BF8EE003BC1B8 /* v-labs-test */ = {
			isa = PBXNativeTarget;
			buildConfigurationList = A2979A20231BF8EF003BC1B8 /* Build configuration list for PBXNativeTarget "v-labs-test" */;
			buildPhases = (
				532006341B71908FB3ED0621 /* [CP] Check Pods Manifest.lock */,
				A2979A26231BFF1D003BC1B8 /* R.Swift */,
				A29799FF231BF8EE003BC1B8 /* Sources */,
				A2979A00231BF8EE003BC1B8 /* Frameworks */,
				A2979A01231BF8EE003BC1B8 /* Resources */,
				1B96BC6482C3335202D2A8AF /* [CP] Embed Pods Frameworks */,
			);
			buildRules = (
			);
			dependencies = (
			);
			name = "v-labs-test";
			productName = "v-labs-test";
			productReference = A2979A03231BF8EE003BC1B8 /* v-labs-test.app */;
			productType = "com.apple.product-type.application";
		};
		A2979A16231BF8EF003BC1B8 /* v-labs-testTests */ = {
			isa = PBXNativeTarget;
			buildConfigurationList = A2979A23231BF8EF003BC1B8 /* Build configuration list for PBXNativeTarget "v-labs-testTests" */;
			buildPhases = (
				A2A998FDA22C3D585054B704 /* [CP] Check Pods Manifest.lock */,
				A2979A13231BF8EF003BC1B8 /* Sources */,
				A2979A14231BF8EF003BC1B8 /* Frameworks */,
				A2979A15231BF8EF003BC1B8 /* Resources */,
				9B6DB25EF501A8A52F6E8605 /* [CP] Embed Pods Frameworks */,
			);
			buildRules = (
			);
			dependencies = (
				A2979A19231BF8EF003BC1B8 /* PBXTargetDependency */,
			);
			name = "v-labs-testTests";
			productName = "v-labs-testTests";
			productReference = A2979A17231BF8EF003BC1B8 /* v-labs-testTests.xctest */;
			productType = "com.apple.product-type.bundle.unit-test";
		};
/* End PBXNativeTarget section */

/* Begin PBXProject section */
		A29799FB231BF8EE003BC1B8 /* Project object */ = {
			isa = PBXProject;
			attributes = {
				LastSwiftUpdateCheck = 1030;
				LastUpgradeCheck = 1030;
				ORGANIZATIONNAME = Kespri;
				TargetAttributes = {
					A2979A02231BF8EE003BC1B8 = {
						CreatedOnToolsVersion = 10.3;
					};
					A2979A16231BF8EF003BC1B8 = {
						CreatedOnToolsVersion = 10.3;
						TestTargetID = A2979A02231BF8EE003BC1B8;
					};
				};
			};
			buildConfigurationList = A29799FE231BF8EE003BC1B8 /* Build configuration list for PBXProject "v-labs-test" */;
			compatibilityVersion = "Xcode 9.3";
			developmentRegion = en;
			hasScannedForEncodings = 0;
			knownRegions = (
				en,
				Base,
			);
			mainGroup = A29799FA231BF8EE003BC1B8;
			productRefGroup = A2979A04231BF8EE003BC1B8 /* Products */;
			projectDirPath = "";
			projectRoot = "";
			targets = (
				A2979A02231BF8EE003BC1B8 /* v-labs-test */,
				A2979A16231BF8EF003BC1B8 /* v-labs-testTests */,
			);
		};
/* End PBXProject section */

/* Begin PBXResourcesBuildPhase section */
		A2979A01231BF8EE003BC1B8 /* Resources */ = {
			isa = PBXResourcesBuildPhase;
			buildActionMask = 2147483647;
			files = (
				A2979A51231C5E65003BC1B8 /* Createpost.storyboard in Resources */,
				A2979A4C231C5E04003BC1B8 /* Userdetail.storyboard in Resources */,
				A2979A11231BF8EF003BC1B8 /* LaunchScreen.storyboard in Resources */,
				8043D3A8231D2DD10012C3F3 /* Albumdetail.storyboard in Resources */,
				A2B93DE8231DB44F00D8071C /* PhotoCollectionViewCell.xib in Resources */,
				A2979A47231C5DB2003BC1B8 /* Userlist.storyboard in Resources */,
				A2979A0E231BF8EF003BC1B8 /* Assets.xcassets in Resources */,
			);
			runOnlyForDeploymentPostprocessing = 0;
		};
		A2979A15231BF8EF003BC1B8 /* Resources */ = {
			isa = PBXResourcesBuildPhase;
			buildActionMask = 2147483647;
			files = (
			);
			runOnlyForDeploymentPostprocessing = 0;
		};
/* End PBXResourcesBuildPhase section */

/* Begin PBXShellScriptBuildPhase section */
		1B96BC6482C3335202D2A8AF /* [CP] Embed Pods Frameworks */ = {
			isa = PBXShellScriptBuildPhase;
			buildActionMask = 2147483647;
			files = (
			);
			inputFileListPaths = (
				"${PODS_ROOT}/Target Support Files/Pods-v-labs-test/Pods-v-labs-test-frameworks-${CONFIGURATION}-input-files.xcfilelist",
			);
			name = "[CP] Embed Pods Frameworks";
			outputFileListPaths = (
				"${PODS_ROOT}/Target Support Files/Pods-v-labs-test/Pods-v-labs-test-frameworks-${CONFIGURATION}-output-files.xcfilelist",
			);
			runOnlyForDeploymentPostprocessing = 0;
			shellPath = /bin/sh;
			shellScript = "\"${PODS_ROOT}/Target Support Files/Pods-v-labs-test/Pods-v-labs-test-frameworks.sh\"\n";
			showEnvVarsInLog = 0;
		};
		532006341B71908FB3ED0621 /* [CP] Check Pods Manifest.lock */ = {
			isa = PBXShellScriptBuildPhase;
			buildActionMask = 2147483647;
			files = (
			);
			inputFileListPaths = (
			);
			inputPaths = (
				"${PODS_PODFILE_DIR_PATH}/Podfile.lock",
				"${PODS_ROOT}/Manifest.lock",
			);
			name = "[CP] Check Pods Manifest.lock";
			outputFileListPaths = (
			);
			outputPaths = (
				"$(DERIVED_FILE_DIR)/Pods-v-labs-test-checkManifestLockResult.txt",
			);
			runOnlyForDeploymentPostprocessing = 0;
			shellPath = /bin/sh;
			shellScript = "diff \"${PODS_PODFILE_DIR_PATH}/Podfile.lock\" \"${PODS_ROOT}/Manifest.lock\" > /dev/null\nif [ $? != 0 ] ; then\n    # print error to STDERR\n    echo \"error: The sandbox is not in sync with the Podfile.lock. Run 'pod install' or update your CocoaPods installation.\" >&2\n    exit 1\nfi\n# This output is used by Xcode 'outputs' to avoid re-running this script phase.\necho \"SUCCESS\" > \"${SCRIPT_OUTPUT_FILE_0}\"\n";
			showEnvVarsInLog = 0;
		};
		9B6DB25EF501A8A52F6E8605 /* [CP] Embed Pods Frameworks */ = {
			isa = PBXShellScriptBuildPhase;
			buildActionMask = 2147483647;
			files = (
			);
			inputFileListPaths = (
				"${PODS_ROOT}/Target Support Files/Pods-v-labs-testTests/Pods-v-labs-testTests-frameworks-${CONFIGURATION}-input-files.xcfilelist",
			);
			name = "[CP] Embed Pods Frameworks";
			outputFileListPaths = (
				"${PODS_ROOT}/Target Support Files/Pods-v-labs-testTests/Pods-v-labs-testTests-frameworks-${CONFIGURATION}-output-files.xcfilelist",
			);
			runOnlyForDeploymentPostprocessing = 0;
			shellPath = /bin/sh;
			shellScript = "\"${PODS_ROOT}/Target Support Files/Pods-v-labs-testTests/Pods-v-labs-testTests-frameworks.sh\"\n";
			showEnvVarsInLog = 0;
		};
		A2979A26231BFF1D003BC1B8 /* R.Swift */ = {
			isa = PBXShellScriptBuildPhase;
			buildActionMask = 2147483647;
			files = (
			);
			inputFileListPaths = (
			);
			inputPaths = (
				"$TEMP_DIR/rswift-lastrun",
			);
			name = R.Swift;
			outputFileListPaths = (
			);
			outputPaths = (
				$SRCROOT/R.generated.swift,
			);
			runOnlyForDeploymentPostprocessing = 0;
			shellPath = /bin/sh;
			shellScript = "\"$PODS_ROOT/R.swift/rswift\" generate \"$SRCROOT/R.generated.swift\"\n";
		};
		A2A998FDA22C3D585054B704 /* [CP] Check Pods Manifest.lock */ = {
			isa = PBXShellScriptBuildPhase;
			buildActionMask = 2147483647;
			files = (
			);
			inputFileListPaths = (
			);
			inputPaths = (
				"${PODS_PODFILE_DIR_PATH}/Podfile.lock",
				"${PODS_ROOT}/Manifest.lock",
			);
			name = "[CP] Check Pods Manifest.lock";
			outputFileListPaths = (
			);
			outputPaths = (
				"$(DERIVED_FILE_DIR)/Pods-v-labs-testTests-checkManifestLockResult.txt",
			);
			runOnlyForDeploymentPostprocessing = 0;
			shellPath = /bin/sh;
			shellScript = "diff \"${PODS_PODFILE_DIR_PATH}/Podfile.lock\" \"${PODS_ROOT}/Manifest.lock\" > /dev/null\nif [ $? != 0 ] ; then\n    # print error to STDERR\n    echo \"error: The sandbox is not in sync with the Podfile.lock. Run 'pod install' or update your CocoaPods installation.\" >&2\n    exit 1\nfi\n# This output is used by Xcode 'outputs' to avoid re-running this script phase.\necho \"SUCCESS\" > \"${SCRIPT_OUTPUT_FILE_0}\"\n";
			showEnvVarsInLog = 0;
		};
/* End PBXShellScriptBuildPhase section */

/* Begin PBXSourcesBuildPhase section */
		A29799FF231BF8EE003BC1B8 /* Sources */ = {
			isa = PBXSourcesBuildPhase;
			buildActionMask = 2147483647;
			files = (
				A2979A5A231C5FF8003BC1B8 /* ControllerFactory.swift in Sources */,
				A2979A2F231C0098003BC1B8 /* ApiManager.swift in Sources */,
				A2979A65231C684E003BC1B8 /* UserlistViewController.swift in Sources */,
				A2979A39231C06EF003BC1B8 /* Adress.swift in Sources */,
				A2979A63231C65F7003BC1B8 /* UserlistViewModel.swift in Sources */,
				A2979A69231D89F1003BC1B8 /* UserdetailViewController.swift in Sources */,
				A2979A57231C5F8F003BC1B8 /* RootWireframe.swift in Sources */,
				A2979A67231C6BE5003BC1B8 /* UserdetailViewModel.swift in Sources */,
				A2B93DEB231DBE4400D8071C /* ApiServiceValues.swift in Sources */,
				A2979A53231C5E76003BC1B8 /* CreatepostViewController.swift in Sources */,
				A223BE9E231D9893008AE74F /* AlbumdetailViewController.swift in Sources */,
				A2979A41231C5AFC003BC1B8 /* Post.swift in Sources */,
				A2979A5C231C60F1003BC1B8 /* ControllerFactoryImpl.swift in Sources */,
				A2979A61231C6273003BC1B8 /* RouterImpl.swift in Sources */,
				A2979A6C231D8CB4003BC1B8 /* UserinfoTableViewCell.swift in Sources */,
				A223BEA2231D9ADE008AE74F /* PhotoAlbum.swift in Sources */,
				A2979A3D231C07A7003BC1B8 /* Company.swift in Sources */,
				A2979A34231C01F1003BC1B8 /* ApiService.swift in Sources */,
				A2979A07231BF8EE003BC1B8 /* AppDelegate.swift in Sources */,
				A2979A5F231C61E3003BC1B8 /* Router.swift in Sources */,
				A2979A43231C5C60003BC1B8 /* ContentRepository.swift in Sources */,
				A2979A31231C00B4003BC1B8 /* ApiManagerImpl.swift in Sources */,
				A2979A28231BFFAC003BC1B8 /* R.generated.swift in Sources */,
				8043D3A3231D280F0012C3F3 /* AppDependencies.swift in Sources */,
				A2979A3F231C573D003BC1B8 /* Album.swift in Sources */,
				A2979A37231C05D3003BC1B8 /* User.swift in Sources */,
				A2B93DE7231DB44F00D8071C /* PhotoCollectionViewCell.swift in Sources */,
				A2979A3B231C073C003BC1B8 /* Geo.swift in Sources */,
				A223BEA0231D99B0008AE74F /* AlbumdetailViewModel.swift in Sources */,
			);
			runOnlyForDeploymentPostprocessing = 0;
		};
		A2979A13231BF8EF003BC1B8 /* Sources */ = {
			isa = PBXSourcesBuildPhase;
			buildActionMask = 2147483647;
			files = (
				A2979A1C231BF8EF003BC1B8 /* v_labs_testTests.swift in Sources */,
			);
			runOnlyForDeploymentPostprocessing = 0;
		};
/* End PBXSourcesBuildPhase section */

/* Begin PBXTargetDependency section */
		A2979A19231BF8EF003BC1B8 /* PBXTargetDependency */ = {
			isa = PBXTargetDependency;
			target = A2979A02231BF8EE003BC1B8 /* v-labs-test */;
			targetProxy = A2979A18231BF8EF003BC1B8 /* PBXContainerItemProxy */;
		};
/* End PBXTargetDependency section */

/* Begin PBXVariantGroup section */
		A2979A0F231BF8EF003BC1B8 /* LaunchScreen.storyboard */ = {
			isa = PBXVariantGroup;
			children = (
				A2979A10231BF8EF003BC1B8 /* Base */,
			);
			name = LaunchScreen.storyboard;
			sourceTree = "<group>";
		};
/* End PBXVariantGroup section */

/* Begin XCBuildConfiguration section */
		A2979A1E231BF8EF003BC1B8 /* Debug */ = {
			isa = XCBuildConfiguration;
			buildSettings = {
				ALWAYS_SEARCH_USER_PATHS = NO;
				CLANG_ANALYZER_NONNULL = YES;
				CLANG_ANALYZER_NUMBER_OBJECT_CONVERSION = YES_AGGRESSIVE;
				CLANG_CXX_LANGUAGE_STANDARD = "gnu++14";
				CLANG_CXX_LIBRARY = "libc++";
				CLANG_ENABLE_MODULES = YES;
				CLANG_ENABLE_OBJC_ARC = YES;
				CLANG_ENABLE_OBJC_WEAK = YES;
				CLANG_WARN_BLOCK_CAPTURE_AUTORELEASING = YES;
				CLANG_WARN_BOOL_CONVERSION = YES;
				CLANG_WARN_COMMA = YES;
				CLANG_WARN_CONSTANT_CONVERSION = YES;
				CLANG_WARN_DEPRECATED_OBJC_IMPLEMENTATIONS = YES;
				CLANG_WARN_DIRECT_OBJC_ISA_USAGE = YES_ERROR;
				CLANG_WARN_DOCUMENTATION_COMMENTS = YES;
				CLANG_WARN_EMPTY_BODY = YES;
				CLANG_WARN_ENUM_CONVERSION = YES;
				CLANG_WARN_INFINITE_RECURSION = YES;
				CLANG_WARN_INT_CONVERSION = YES;
				CLANG_WARN_NON_LITERAL_NULL_CONVERSION = YES;
				CLANG_WARN_OBJC_IMPLICIT_RETAIN_SELF = YES;
				CLANG_WARN_OBJC_LITERAL_CONVERSION = YES;
				CLANG_WARN_OBJC_ROOT_CLASS = YES_ERROR;
				CLANG_WARN_RANGE_LOOP_ANALYSIS = YES;
				CLANG_WARN_STRICT_PROTOTYPES = YES;
				CLANG_WARN_SUSPICIOUS_MOVE = YES;
				CLANG_WARN_UNGUARDED_AVAILABILITY = YES_AGGRESSIVE;
				CLANG_WARN_UNREACHABLE_CODE = YES;
				CLANG_WARN__DUPLICATE_METHOD_MATCH = YES;
				CODE_SIGN_IDENTITY = "iPhone Developer";
				COPY_PHASE_STRIP = NO;
				DEBUG_INFORMATION_FORMAT = dwarf;
				ENABLE_STRICT_OBJC_MSGSEND = YES;
				ENABLE_TESTABILITY = YES;
				GCC_C_LANGUAGE_STANDARD = gnu11;
				GCC_DYNAMIC_NO_PIC = NO;
				GCC_NO_COMMON_BLOCKS = YES;
				GCC_OPTIMIZATION_LEVEL = 0;
				GCC_PREPROCESSOR_DEFINITIONS = (
					"DEBUG=1",
					"$(inherited)",
				);
				GCC_WARN_64_TO_32_BIT_CONVERSION = YES;
				GCC_WARN_ABOUT_RETURN_TYPE = YES_ERROR;
				GCC_WARN_UNDECLARED_SELECTOR = YES;
				GCC_WARN_UNINITIALIZED_AUTOS = YES_AGGRESSIVE;
				GCC_WARN_UNUSED_FUNCTION = YES;
				GCC_WARN_UNUSED_VARIABLE = YES;
				IPHONEOS_DEPLOYMENT_TARGET = 12.4;
				MTL_ENABLE_DEBUG_INFO = INCLUDE_SOURCE;
				MTL_FAST_MATH = YES;
				ONLY_ACTIVE_ARCH = YES;
				SDKROOT = iphoneos;
				SWIFT_ACTIVE_COMPILATION_CONDITIONS = DEBUG;
				SWIFT_OPTIMIZATION_LEVEL = "-Onone";
			};
			name = Debug;
		};
		A2979A1F231BF8EF003BC1B8 /* Release */ = {
			isa = XCBuildConfiguration;
			buildSettings = {
				ALWAYS_SEARCH_USER_PATHS = NO;
				CLANG_ANALYZER_NONNULL = YES;
				CLANG_ANALYZER_NUMBER_OBJECT_CONVERSION = YES_AGGRESSIVE;
				CLANG_CXX_LANGUAGE_STANDARD = "gnu++14";
				CLANG_CXX_LIBRARY = "libc++";
				CLANG_ENABLE_MODULES = YES;
				CLANG_ENABLE_OBJC_ARC = YES;
				CLANG_ENABLE_OBJC_WEAK = YES;
				CLANG_WARN_BLOCK_CAPTURE_AUTORELEASING = YES;
				CLANG_WARN_BOOL_CONVERSION = YES;
				CLANG_WARN_COMMA = YES;
				CLANG_WARN_CONSTANT_CONVERSION = YES;
				CLANG_WARN_DEPRECATED_OBJC_IMPLEMENTATIONS = YES;
				CLANG_WARN_DIRECT_OBJC_ISA_USAGE = YES_ERROR;
				CLANG_WARN_DOCUMENTATION_COMMENTS = YES;
				CLANG_WARN_EMPTY_BODY = YES;
				CLANG_WARN_ENUM_CONVERSION = YES;
				CLANG_WARN_INFINITE_RECURSION = YES;
				CLANG_WARN_INT_CONVERSION = YES;
				CLANG_WARN_NON_LITERAL_NULL_CONVERSION = YES;
				CLANG_WARN_OBJC_IMPLICIT_RETAIN_SELF = YES;
				CLANG_WARN_OBJC_LITERAL_CONVERSION = YES;
				CLANG_WARN_OBJC_ROOT_CLASS = YES_ERROR;
				CLANG_WARN_RANGE_LOOP_ANALYSIS = YES;
				CLANG_WARN_STRICT_PROTOTYPES = YES;
				CLANG_WARN_SUSPICIOUS_MOVE = YES;
				CLANG_WARN_UNGUARDED_AVAILABILITY = YES_AGGRESSIVE;
				CLANG_WARN_UNREACHABLE_CODE = YES;
				CLANG_WARN__DUPLICATE_METHOD_MATCH = YES;
				CODE_SIGN_IDENTITY = "iPhone Developer";
				COPY_PHASE_STRIP = NO;
				DEBUG_INFORMATION_FORMAT = "dwarf-with-dsym";
				ENABLE_NS_ASSERTIONS = NO;
				ENABLE_STRICT_OBJC_MSGSEND = YES;
				GCC_C_LANGUAGE_STANDARD = gnu11;
				GCC_NO_COMMON_BLOCKS = YES;
				GCC_WARN_64_TO_32_BIT_CONVERSION = YES;
				GCC_WARN_ABOUT_RETURN_TYPE = YES_ERROR;
				GCC_WARN_UNDECLARED_SELECTOR = YES;
				GCC_WARN_UNINITIALIZED_AUTOS = YES_AGGRESSIVE;
				GCC_WARN_UNUSED_FUNCTION = YES;
				GCC_WARN_UNUSED_VARIABLE = YES;
				IPHONEOS_DEPLOYMENT_TARGET = 12.4;
				MTL_ENABLE_DEBUG_INFO = NO;
				MTL_FAST_MATH = YES;
				SDKROOT = iphoneos;
				SWIFT_COMPILATION_MODE = wholemodule;
				SWIFT_OPTIMIZATION_LEVEL = "-O";
				VALIDATE_PRODUCT = YES;
			};
			name = Release;
		};
		A2979A21231BF8EF003BC1B8 /* Debug */ = {
			isa = XCBuildConfiguration;
			baseConfigurationReference = 9A1BACFFF47FF8EFEFE7A2D1 /* Pods-v-labs-test.debug.xcconfig */;
			buildSettings = {
				ASSETCATALOG_COMPILER_APPICON_NAME = AppIcon;
				CODE_SIGN_STYLE = Automatic;
				DEVELOPMENT_TEAM = 59ZC26E65Z;
				INFOPLIST_FILE = "v-labs-test/Info.plist";
				LD_RUNPATH_SEARCH_PATHS = (
					"$(inherited)",
					"@executable_path/Frameworks",
				);
				PRODUCT_BUNDLE_IDENTIFIER = "com.kespri.v-labs-test";
				PRODUCT_NAME = "$(TARGET_NAME)";
				SWIFT_VERSION = 5.0;
				TARGETED_DEVICE_FAMILY = 1;
			};
			name = Debug;
		};
		A2979A22231BF8EF003BC1B8 /* Release */ = {
			isa = XCBuildConfiguration;
			baseConfigurationReference = CC41BE3F869E10E267B4EAB0 /* Pods-v-labs-test.release.xcconfig */;
			buildSettings = {
				ASSETCATALOG_COMPILER_APPICON_NAME = AppIcon;
				CODE_SIGN_STYLE = Automatic;
				DEVELOPMENT_TEAM = 59ZC26E65Z;
				INFOPLIST_FILE = "v-labs-test/Info.plist";
				LD_RUNPATH_SEARCH_PATHS = (
					"$(inherited)",
					"@executable_path/Frameworks",
				);
				PRODUCT_BUNDLE_IDENTIFIER = "com.kespri.v-labs-test";
				PRODUCT_NAME = "$(TARGET_NAME)";
				SWIFT_VERSION = 5.0;
				TARGETED_DEVICE_FAMILY = 1;
			};
			name = Release;
		};
		A2979A24231BF8EF003BC1B8 /* Debug */ = {
			isa = XCBuildConfiguration;
			baseConfigurationReference = 07C5C9C4BDAB40E26DB0DAA5 /* Pods-v-labs-testTests.debug.xcconfig */;
			buildSettings = {
				ALWAYS_EMBED_SWIFT_STANDARD_LIBRARIES = YES;
				BUNDLE_LOADER = "$(TEST_HOST)";
				CODE_SIGN_STYLE = Automatic;
				DEVELOPMENT_TEAM = 59ZC26E65Z;
				INFOPLIST_FILE = "v-labs-testTests/Info.plist";
				LD_RUNPATH_SEARCH_PATHS = (
					"$(inherited)",
					"@executable_path/Frameworks",
					"@loader_path/Frameworks",
				);
				PRODUCT_BUNDLE_IDENTIFIER = "com.kespri.v-labs-testTests";
				PRODUCT_NAME = "$(TARGET_NAME)";
				SWIFT_VERSION = 5.0;
				TARGETED_DEVICE_FAMILY = "1,2";
				TEST_HOST = "$(BUILT_PRODUCTS_DIR)/v-labs-test.app/v-labs-test";
			};
			name = Debug;
		};
		A2979A25231BF8EF003BC1B8 /* Release */ = {
			isa = XCBuildConfiguration;
			baseConfigurationReference = 6C5959E1A106F5AE02AAAF97 /* Pods-v-labs-testTests.release.xcconfig */;
			buildSettings = {
				ALWAYS_EMBED_SWIFT_STANDARD_LIBRARIES = YES;
				BUNDLE_LOADER = "$(TEST_HOST)";
				CODE_SIGN_STYLE = Automatic;
				DEVELOPMENT_TEAM = 59ZC26E65Z;
				INFOPLIST_FILE = "v-labs-testTests/Info.plist";
				LD_RUNPATH_SEARCH_PATHS = (
					"$(inherited)",
					"@executable_path/Frameworks",
					"@loader_path/Frameworks",
				);
				PRODUCT_BUNDLE_IDENTIFIER = "com.kespri.v-labs-testTests";
				PRODUCT_NAME = "$(TARGET_NAME)";
				SWIFT_VERSION = 5.0;
				TARGETED_DEVICE_FAMILY = "1,2";
				TEST_HOST = "$(BUILT_PRODUCTS_DIR)/v-labs-test.app/v-labs-test";
			};
			name = Release;
		};
/* End XCBuildConfiguration section */

/* Begin XCConfigurationList section */
		A29799FE231BF8EE003BC1B8 /* Build configuration list for PBXProject "v-labs-test" */ = {
			isa = XCConfigurationList;
			buildConfigurations = (
				A2979A1E231BF8EF003BC1B8 /* Debug */,
				A2979A1F231BF8EF003BC1B8 /* Release */,
			);
			defaultConfigurationIsVisible = 0;
			defaultConfigurationName = Release;
		};
		A2979A20231BF8EF003BC1B8 /* Build configuration list for PBXNativeTarget "v-labs-test" */ = {
			isa = XCConfigurationList;
			buildConfigurations = (
				A2979A21231BF8EF003BC1B8 /* Debug */,
				A2979A22231BF8EF003BC1B8 /* Release */,
			);
			defaultConfigurationIsVisible = 0;
			defaultConfigurationName = Release;
		};
		A2979A23231BF8EF003BC1B8 /* Build configuration list for PBXNativeTarget "v-labs-testTests" */ = {
			isa = XCConfigurationList;
			buildConfigurations = (
				A2979A24231BF8EF003BC1B8 /* Debug */,
				A2979A25231BF8EF003BC1B8 /* Release */,
			);
			defaultConfigurationIsVisible = 0;
			defaultConfigurationName = Release;
		};
/* End XCConfigurationList section */
	};
	rootObject = A29799FB231BF8EE003BC1B8 /* Project object */;
}
